
Microsoft Visual Studio Solution File, Format Version 12.00
Project("{FAE04EC0-301F-11D3-BF4B-00C04F79EFBC}") = "WPFAutoFormGeneration.WPF", "WPFAutoFormGeneration.WPF\WPFAutoFormGeneration.WPF.csproj", "{6FE71FEF-6A4D-440E-8618-6413EC14FAA5}"
EndProject
Project("{FAE04EC0-301F-11D3-BF4B-00C04F79EFBC}") = "WPFAutoFormGeneration.LIB", "WPFAutoFormGeneration.LIB\WPFAutoFormGeneration.LIB.csproj", "{88864CC5-33CF-4EC4-B383-B7B01822048C}"
EndProject
Global
	GlobalSection(SolutionConfigurationPlatforms) = preSolution
		Debug|Any CPU = Debug|Any CPU
		Release|Any CPU = Release|Any CPU
	EndGlobalSection
	GlobalSection(ProjectConfigurationPlatforms) = postSolution
		{6FE71FEF-6A4D-440E-8618-6413EC14FAA5}.Debug|Any CPU.ActiveCfg = Debug|Any CPU
		{6FE71FEF-6A4D-440E-8618-6413EC14FAA5}.Debug|Any CPU.Build.0 = Debug|Any CPU
		{6FE71FEF-6A4D-440E-8618-6413EC14FAA5}.Release|Any CPU.ActiveCfg = Release|Any CPU
		{6FE71FEF-6A4D-440E-8618-6413EC14FAA5}.Release|Any CPU.Build.0 = Release|Any CPU
		{88864CC5-33CF-4EC4-B383-B7B01822048C}.Debug|Any CPU.ActiveCfg = Debug|Any CPU
		{88864CC5-33CF-4EC4-B383-B7B01822048C}.Debug|Any CPU.Build.0 = Debug|Any CPU
		{88864CC5-33CF-4EC4-B383-B7B01822048C}.Release|Any CPU.ActiveCfg = Release|Any CPU
		{88864CC5-33CF-4EC4-B383-B7B01822048C}.Release|Any CPU.Build.0 = Release|Any CPU
	EndGlobalSection
EndGlobal
